
Microsoft Visual Studio Solution File, Format Version 12.00
# Visual Studio Version 16
VisualStudioVersion = 16.0.30406.217
MinimumVisualStudioVersion = 15.0.26124.0
Project("{9A19103F-16F7-4668-BE54-9A1E7A4F7556}") = "BillsOfExchange", "BillsOfExchange\BillsOfExchange.csproj", "{7447A951-3578-4704-8546-268840832752}"
EndProject
Project("{FAE04EC0-301F-11D3-BF4B-00C04F79EFBC}") = "BillsOfExchange.Tests", "BillsOfExchange.Tests\BillsOfExchange.Tests.csproj", "{0454ECCF-D1F3-4131-9C04-08654B723D9E}"
EndProject
Project("{FAE04EC0-301F-11D3-BF4B-00C04F79EFBC}") = "BillsOfExchange.DataProvider", "BillsOfExchange.DataProvider\BillsOfExchange.DataProvider.csproj", "{D8A87433-56D9-4090-85E4-F54AA96E6679}"
EndProject
Project("{FAE04EC0-301F-11D3-BF4B-00C04F79EFBC}") = "BillsOfExchange.DataProvider.Tests", "BillsOfExchange.DataProvider.Tests\BillsOfExchange.DataProvider.Tests.csproj", "{220DEADC-FAF4-4AC5-AA59-C04EC59726CF}"
EndProject
Global
	GlobalSection(SolutionConfigurationPlatforms) = preSolution
		Debug|Any CPU = Debug|Any CPU
		Debug|x64 = Debug|x64
		Debug|x86 = Debug|x86
		Release|Any CPU = Release|Any CPU
		Release|x64 = Release|x64
		Release|x86 = Release|x86
	EndGlobalSection
	GlobalSection(ProjectConfigurationPlatforms) = postSolution
		{7447A951-3578-4704-8546-268840832752}.Debug|Any CPU.ActiveCfg = Debug|Any CPU
		{7447A951-3578-4704-8546-268840832752}.Debug|Any CPU.Build.0 = Debug|Any CPU
		{7447A951-3578-4704-8546-268840832752}.Debug|x64.ActiveCfg = Debug|Any CPU
		{7447A951-3578-4704-8546-268840832752}.Debug|x64.Build.0 = Debug|Any CPU
		{7447A951-3578-4704-8546-268840832752}.Debug|x86.ActiveCfg = Debug|Any CPU
		{7447A951-3578-4704-8546-268840832752}.Debug|x86.Build.0 = Debug|Any CPU
		{7447A951-3578-4704-8546-268840832752}.Release|Any CPU.ActiveCfg = Release|Any CPU
		{7447A951-3578-4704-8546-268840832752}.Release|Any CPU.Build.0 = Release|Any CPU
		{7447A951-3578-4704-8546-268840832752}.Release|x64.ActiveCfg = Release|Any CPU
		{7447A951-3578-4704-8546-268840832752}.Release|x64.Build.0 = Release|Any CPU
		{7447A951-3578-4704-8546-268840832752}.Release|x86.ActiveCfg = Release|Any CPU
		{7447A951-3578-4704-8546-268840832752}.Release|x86.Build.0 = Release|Any CPU
		{0454ECCF-D1F3-4131-9C04-08654B723D9E}.Debug|Any CPU.ActiveCfg = Debug|Any CPU
		{0454ECCF-D1F3-4131-9C04-08654B723D9E}.Debug|Any CPU.Build.0 = Debug|Any CPU
		{0454ECCF-D1F3-4131-9C04-08654B723D9E}.Debug|x64.ActiveCfg = Debug|Any CPU
		{0454ECCF-D1F3-4131-9C04-08654B723D9E}.Debug|x64.Build.0 = Debug|Any CPU
		{0454ECCF-D1F3-4131-9C04-08654B723D9E}.Debug|x86.ActiveCfg = Debug|Any CPU
		{0454ECCF-D1F3-4131-9C04-08654B723D9E}.Debug|x86.Build.0 = Debug|Any CPU
		{0454ECCF-D1F3-4131-9C04-08654B723D9E}.Release|Any CPU.ActiveCfg = Release|Any CPU
		{0454ECCF-D1F3-4131-9C04-08654B723D9E}.Release|Any CPU.Build.0 = Release|Any CPU
		{0454ECCF-D1F3-4131-9C04-08654B723D9E}.Release|x64.ActiveCfg = Release|Any CPU
		{0454ECCF-D1F3-4131-9C04-08654B723D9E}.Release|x64.Build.0 = Release|Any CPU
		{0454ECCF-D1F3-4131-9C04-08654B723D9E}.Release|x86.ActiveCfg = Release|Any CPU
		{0454ECCF-D1F3-4131-9C04-08654B723D9E}.Release|x86.Build.0 = Release|Any CPU
		{D8A87433-56D9-4090-85E4-F54AA96E6679}.Debug|Any CPU.ActiveCfg = Debug|Any CPU
		{D8A87433-56D9-4090-85E4-F54AA96E6679}.Debug|Any CPU.Build.0 = Debug|Any CPU
		{D8A87433-56D9-4090-85E4-F54AA96E6679}.Debug|x64.ActiveCfg = Debug|Any CPU
		{D8A87433-56D9-4090-85E4-F54AA96E6679}.Debug|x64.Build.0 = Debug|Any CPU
		{D8A87433-56D9-4090-85E4-F54AA96E6679}.Debug|x86.ActiveCfg = Debug|Any CPU
		{D8A87433-56D9-4090-85E4-F54AA96E6679}.Debug|x86.Build.0 = Debug|Any CPU
		{D8A87433-56D9-4090-85E4-F54AA96E6679}.Release|Any CPU.ActiveCfg = Release|Any CPU
		{D8A87433-56D9-4090-85E4-F54AA96E6679}.Release|Any CPU.Build.0 = Release|Any CPU
		{D8A87433-56D9-4090-85E4-F54AA96E6679}.Release|x64.ActiveCfg = Release|Any CPU
		{D8A87433-56D9-4090-85E4-F54AA96E6679}.Release|x64.Build.0 = Release|Any CPU
		{D8A87433-56D9-4090-85E4-F54AA96E6679}.Release|x86.ActiveCfg = Release|Any CPU
		{D8A87433-56D9-4090-85E4-F54AA96E6679}.Release|x86.Build.0 = Release|Any CPU
		{220DEADC-FAF4-4AC5-AA59-C04EC59726CF}.Debug|Any CPU.ActiveCfg = Debug|Any CPU
		{220DEADC-FAF4-4AC5-AA59-C04EC59726CF}.Debug|Any CPU.Build.0 = Debug|Any CPU
		{220DEADC-FAF4-4AC5-AA59-C04EC59726CF}.Debug|x64.ActiveCfg = Debug|Any CPU
		{220DEADC-FAF4-4AC5-AA59-C04EC59726CF}.Debug|x64.Build.0 = Debug|Any CPU
		{220DEADC-FAF4-4AC5-AA59-C04EC59726CF}.Debug|x86.ActiveCfg = Debug|Any CPU
		{220DEADC-FAF4-4AC5-AA59-C04EC59726CF}.Debug|x86.Build.0 = Debug|Any CPU
		{220DEADC-FAF4-4AC5-AA59-C04EC59726CF}.Release|Any CPU.ActiveCfg = Release|Any CPU
		{220DEADC-FAF4-4AC5-AA59-C04EC59726CF}.Release|Any CPU.Build.0 = Release|Any CPU
		{220DEADC-FAF4-4AC5-AA59-C04EC59726CF}.Release|x64.ActiveCfg = Release|Any CPU
		{220DEADC-FAF4-4AC5-AA59-C04EC59726CF}.Release|x64.Build.0 = Release|Any CPU
		{220DEADC-FAF4-4AC5-AA59-C04EC59726CF}.Release|x86.ActiveCfg = Release|Any CPU
		{220DEADC-FAF4-4AC5-AA59-C04EC59726CF}.Release|x86.Build.0 = Release|Any CPU
	EndGlobalSection
	GlobalSection(SolutionProperties) = preSolution
		HideSolutionNode = FALSE
	EndGlobalSection
	GlobalSection(ExtensibilityGlobals) = postSolution
		SolutionGuid = {2727FB50-1624-44E9-97A4-4FEB8E089D10}
	EndGlobalSection
EndGlobal
